// !$*UTF8*$!
{
	archiveVersion = 1;
	classes = {
	};
	objectVersion = 46;
	objects = {

/* Begin PBXBuildFile section */
		57632605196E7BFB00A0C830 /* StdFileStream.cpp in Sources */ = {isa = PBXBuildFile; fileRef = 57632604196E7BFB00A0C830 /* StdFileStream.cpp */; };
		C272986D1DD895B1003B1E25 /* ZipFileStream.cpp in Sources */ = {isa = PBXBuildFile; fileRef = C272986C1DD895B1003B1E25 /* ZipFileStream.cpp */; };
/* End PBXBuildFile section */

/* Begin PBXCopyFilesBuildPhase section */
		57EFEA9418DFD217005F0C59 /* CopyFiles */ = {
			isa = PBXCopyFilesBuildPhase;
			buildActionMask = 2147483647;
			dstPath = "include/$(PRODUCT_NAME)";
			dstSubfolderSpec = 16;
			files = (
			);
			runOnlyForDeploymentPostprocessing = 0;
		};
/* End PBXCopyFilesBuildPhase section */

/* Begin PBXFileReference section */
		57632603196E7BD000A0C830 /* StdFileStream.h */ = {isa = PBXFileReference; lastKnownFileType = sourcecode.c.h; name = StdFileStream.h; path = ../../Include/PGN/FileStream/StdFileStream.h; sourceTree = "<group>"; };
		57632604196E7BFB00A0C830 /* StdFileStream.cpp */ = {isa = PBXFileReference; fileEncoding = 4; lastKnownFileType = sourcecode.cpp.cpp; path = StdFileStream.cpp; sourceTree = "<group>"; };
		57EFEA9618DFD217005F0C59 /* libFileStream.a */ = {isa = PBXFileReference; explicitFileType = archive.ar; includeInIndex = 0; path = libFileStream.a; sourceTree = BUILT_PRODUCTS_DIR; };
		57EFEAC118DFD2D2005F0C59 /* FileStream.h */ = {isa = PBXFileReference; lastKnownFileType = sourcecode.c.h; name = FileStream.h; path = ../../Include/PGN/FileStream/FileStream.h; sourceTree = "<group>"; };
		C272986C1DD895B1003B1E25 /* ZipFileStream.cpp */ = {isa = PBXFileReference; fileEncoding = 4; lastKnownFileType = sourcecode.cpp.cpp; path = ZipFileStream.cpp; sourceTree = "<group>"; };
/* End PBXFileReference section */

/* Begin PBXFrameworksBuildPhase section */
		57EFEA9318DFD217005F0C59 /* Frameworks */ = {
			isa = PBXFrameworksBuildPhase;
			buildActionMask = 2147483647;
			files = (
			);
			runOnlyForDeploymentPostprocessing = 0;
		};
/* End PBXFrameworksBuildPhase section */

/* Begin PBXGroup section */
		57EFEA8D18DFD217005F0C59 = {
			isa = PBXGroup;
			children = (
				57EFEAC018DFD2C7005F0C59 /* Include */,
				57EFEABF18DFD2C0005F0C59 /* Source */,
				57EFEA9718DFD217005F0C59 /* Products */,
			);
			sourceTree = "<group>";
		};
		57EFEA9718DFD217005F0C59 /* Products */ = {
			isa = PBXGroup;
			children = (
				57EFEA9618DFD217005F0C59 /* libFileStream.a */,
			);
			name = Products;
			sourceTree = "<group>";
		};
		57EFEABF18DFD2C0005F0C59 /* Source */ = {
			isa = PBXGroup;
			children = (
				C272986C1DD895B1003B1E25 /* ZipFileStream.cpp */,
				57632604196E7BFB00A0C830 /* StdFileStream.cpp */,
			);
			name = Source;
			sourceTree = "<group>";
		};
		57EFEAC018DFD2C7005F0C59 /* Include */ = {
			isa = PBXGroup;
			children = (
				57EFEAC118DFD2D2005F0C59 /* FileStream.h */,
				57632603196E7BD000A0C830 /* StdFileStream.h */,
			);
			name = Include;
			sourceTree = "<group>";
		};
/* End PBXGroup section */

/* Begin PBXNativeTarget section */
		57EFEA9518DFD217005F0C59 /* FileStream */ = {
			isa = PBXNativeTarget;
			buildConfigurationList = 57EFEAB918DFD217005F0C59 /* Build configuration list for PBXNativeTarget "FileStream" */;
			buildPhases = (
				57EFEA9218DFD217005F0C59 /* Sources */,
				57EFEA9318DFD217005F0C59 /* Frameworks */,
				57EFEA9418DFD217005F0C59 /* CopyFiles */,
			);
			buildRules = (
			);
			dependencies = (
			);
			name = FileStream;
			productName = FileStream;
			productReference = 57EFEA9618DFD217005F0C59 /* libFileStream.a */;
			productType = "com.apple.product-type.library.static";
		};
/* End PBXNativeTarget section */

/* Begin PBXProject section */
		57EFEA8E18DFD217005F0C59 /* Project object */ = {
			isa = PBXProject;
			attributes = {
				LastUpgradeCheck = 0510;
				ORGANIZATIONNAME = "Pixel Soft";
			};
			buildConfigurationList = 57EFEA9118DFD217005F0C59 /* Build configuration list for PBXProject "FileStream" */;
			compatibilityVersion = "Xcode 3.2";
			developmentRegion = English;
			hasScannedForEncodings = 0;
			knownRegions = (
				en,
			);
			mainGroup = 57EFEA8D18DFD217005F0C59;
			productRefGroup = 57EFEA9718DFD217005F0C59 /* Products */;
			projectDirPath = "";
			projectRoot = "";
			targets = (
				57EFEA9518DFD217005F0C59 /* FileStream */,
			);
		};
/* End PBXProject section */

/* Begin PBXSourcesBuildPhase section */
		57EFEA9218DFD217005F0C59 /* Sources */ = {
			isa = PBXSourcesBuildPhase;
			buildActionMask = 2147483647;
			files = (
				57632605196E7BFB00A0C830 /* StdFileStream.cpp in Sources */,
				C272986D1DD895B1003B1E25 /* ZipFileStream.cpp in Sources */,
			);
			runOnlyForDeploymentPostprocessing = 0;
		};
/* End PBXSourcesBuildPhase section */

/* Begin XCBuildConfiguration section */
		57EFEAB718DFD217005F0C59 /* Debug */ = {
			isa = XCBuildConfiguration;
			buildSettings = {
				ALWAYS_SEARCH_USER_PATHS = NO;
				CLANG_CXX_LANGUAGE_STANDARD = "gnu++0x";
				CLANG_CXX_LIBRARY = "libc++";
				CLANG_ENABLE_MODULES = YES;
				CLANG_ENABLE_OBJC_ARC = YES;
				CLANG_WARN_BOOL_CONVERSION = YES;
				CLANG_WARN_CONSTANT_CONVERSION = YES;
				CLANG_WARN_DIRECT_OBJC_ISA_USAGE = YES_ERROR;
				CLANG_WARN_EMPTY_BODY = YES;
				CLANG_WARN_ENUM_CONVERSION = YES;
				CLANG_WARN_INT_CONVERSION = YES;
				CLANG_WARN_OBJC_ROOT_CLASS = YES_ERROR;
				CLANG_WARN__DUPLICATE_METHOD_MATCH = YES;
				COPY_PHASE_STRIP = NO;
				GCC_C_LANGUAGE_STANDARD = gnu99;
				GCC_DYNAMIC_NO_PIC = NO;
				GCC_OPTIMIZATION_LEVEL = 0;
				GCC_PREPROCESSOR_DEFINITIONS = (
					"DEBUG=1",
					"$(inherited)",
					PGN_STATIC_BUILD,
				);
				GCC_SYMBOLS_PRIVATE_EXTERN = NO;
				GCC_WARN_64_TO_32_BIT_CONVERSION = YES;
				GCC_WARN_ABOUT_RETURN_TYPE = YES_ERROR;
				GCC_WARN_UNDECLARED_SELECTOR = YES;
				GCC_WARN_UNINITIALIZED_AUTOS = YES_AGGRESSIVE;
				GCC_WARN_UNUSED_FUNCTION = YES;
				GCC_WARN_UNUSED_VARIABLE = YES;
				HEADER_SEARCH_PATHS = (
					"$(inherited)",
					/Applications/Xcode.app/Contents/Developer/Toolchains/XcodeDefault.xctoolchain/usr/include,
					"$(SRCROOT)/../../Include",
					"$(SRCROOT)/../../Extern/Include",
				);
				IPHONEOS_DEPLOYMENT_TARGET = 7.1;
				ONLY_ACTIVE_ARCH = YES;
				SDKROOT = iphoneos;
				SYMROOT = "$(SRCROOT)/../../Build";
			};
			name = Debug;
		};
		57EFEAB818DFD217005F0C59 /* Release */ = {
			isa = XCBuildConfiguration;
			buildSettings = {
				ALWAYS_SEARCH_USER_PATHS = NO;
				CLANG_CXX_LANGUAGE_STANDARD = "gnu++0x";
				CLANG_CXX_LIBRARY = "libc++";
				CLANG_ENABLE_MODULES = YES;
				CLANG_ENABLE_OBJC_ARC = YES;
				CLANG_WARN_BOOL_CONVERSION = YES;
				CLANG_WARN_CONSTANT_CONVERSION = YES;
				CLANG_WARN_DIRECT_OBJC_ISA_USAGE = YES_ERROR;
				CLANG_WARN_EMPTY_BODY = YES;
				CLANG_WARN_ENUM_CONVERSION = YES;
				CLANG_WARN_INT_CONVERSION = YES;
				CLANG_WARN_OBJC_ROOT_CLASS = YES_ERROR;
				CLANG_WARN__DUPLICATE_METHOD_MATCH = YES;
				COPY_PHASE_STRIP = YES;
				ENABLE_NS_ASSERTIONS = NO;
				GCC_C_LANGUAGE_STANDARD = gnu99;
				GCC_PREPROCESSOR_DEFINITIONS = (
					NDEBUG,
					PGN_STATIC_BUILD,
				);
				GCC_WARN_64_TO_32_BIT_CONVERSION = YES;
				GCC_WARN_ABOUT_RETURN_TYPE = YES_ERROR;
				GCC_WARN_UNDECLARED_SELECTOR = YES;
				GCC_WARN_UNINITIALIZED_AUTOS = YES_AGGRESSIVE;
				GCC_WARN_UNUSED_FUNCTION = YES;
				GCC_WARN_UNUSED_VARIABLE = YES;
				HEADER_SEARCH_PATHS = (
					"$(inherited)",
					/Applications/Xcode.app/Contents/Developer/Toolchains/XcodeDefault.xctoolchain/usr/include,
					"$(SRCROOT)/../../Include",
					"$(SRCROOT)/../../Extern/Include",
				);
				IPHONEOS_DEPLOYMENT_TARGET = 7.1;
				SDKROOT = iphoneos;
				SYMROOT = "$(SRCROOT)/../../Build";
				VALIDATE_PRODUCT = YES;
			};
			name = Release;
		};
		57EFEABA18DFD217005F0C59 /* Debug */ = {
			isa = XCBuildConfiguration;
			buildSettings = {
				DSTROOT = /tmp/FileStream.dst;
				GCC_PRECOMPILE_PREFIX_HEADER = NO;
				GCC_PREFIX_HEADER = "";
				OTHER_LDFLAGS = "-ObjC";
				PRODUCT_NAME = "$(TARGET_NAME)";
				SKIP_INSTALL = YES;
			};
			name = Debug;
		};
		57EFEABB18DFD217005F0C59 /* Release */ = {
			isa = XCBuildConfiguration;
			buildSettings = {
				DSTROOT = /tmp/FileStream.dst;
				GCC_PRECOMPILE_PREFIX_HEADER = NO;
				GCC_PREFIX_HEADER = "";
				OTHER_LDFLAGS = "-ObjC";
				PRODUCT_NAME = "$(TARGET_NAME)";
				SKIP_INSTALL = YES;
			};
			name = Release;
		};
/* End XCBuildConfiguration section */

/* Begin XCConfigurationList section */
		57EFEA9118DFD217005F0C59 /* Build configuration list for PBXProject "FileStream" */ = {
			isa = XCConfigurationList;
			buildConfigurations = (
				57EFEAB718DFD217005F0C59 /* Debug */,
				57EFEAB818DFD217005F0C59 /* Release */,
			);
			defaultConfigurationIsVisible = 0;
			defaultConfigurationName = Release;
		};
		57EFEAB918DFD217005F0C59 /* Build configuration list for PBXNativeTarget "FileStream" */ = {
			isa = XCConfigurationList;
			buildConfigurations = (
				57EFEABA18DFD217005F0C59 /* Debug */,
				57EFEABB18DFD217005F0C59 /* Release */,
			);
			defaultConfigurationIsVisible = 0;
			defaultConfigurationName = Release;
		};
/* End XCConfigurationList section */
	};
	rootObject = 57EFEA8E18DFD217005F0C59 /* Project object */;
}
