// !$*UTF8*$!
{
	archiveVersion = 1;
	classes = {
	};
	objectVersion = 46;
	objects = {

/* Begin PBXBuildFile section */
		57EFEAFA18DFD435005F0C59 /* Math.cpp in Sources */ = {isa = PBXBuildFile; fileRef = 57EFEAF918DFD435005F0C59 /* Math.cpp */; };
/* End PBXBuildFile section */

/* Begin PBXCopyFilesBuildPhase section */
		57EFEACB18DFD3D0005F0C59 /* CopyFiles */ = {
			isa = PBXCopyFilesBuildPhase;
			buildActionMask = 2147483647;
			dstPath = "include/$(PRODUCT_NAME)";
			dstSubfolderSpec = 16;
			files = (
			);
			runOnlyForDeploymentPostprocessing = 0;
		};
/* End PBXCopyFilesBuildPhase section */

/* Begin PBXFileReference section */
		57EFEACD18DFD3D0005F0C59 /* libMathC.a */ = {isa = PBXFileReference; explicitFileType = archive.ar; includeInIndex = 0; path = libMathC.a; sourceTree = BUILT_PRODUCTS_DIR; };
		57EFEAF818DFD428005F0C59 /* Math.h */ = {isa = PBXFileReference; lastKnownFileType = sourcecode.c.h; name = Math.h; path = ../../Include/PGN/Math/Math.h; sourceTree = "<group>"; };
		57EFEAF918DFD435005F0C59 /* Math.cpp */ = {isa = PBXFileReference; fileEncoding = 4; lastKnownFileType = sourcecode.cpp.cpp; path = Math.cpp; sourceTree = "<group>"; };
/* End PBXFileReference section */

/* Begin PBXFrameworksBuildPhase section */
		57EFEACA18DFD3D0005F0C59 /* Frameworks */ = {
			isa = PBXFrameworksBuildPhase;
			buildActionMask = 2147483647;
			files = (
			);
			runOnlyForDeploymentPostprocessing = 0;
		};
/* End PBXFrameworksBuildPhase section */

/* Begin PBXGroup section */
		57EFEAC418DFD3D0005F0C59 = {
			isa = PBXGroup;
			children = (
				57EFEAF718DFD418005F0C59 /* Include */,
				57EFEAF618DFD411005F0C59 /* Source */,
				57EFEACE18DFD3D0005F0C59 /* Products */,
			);
			sourceTree = "<group>";
		};
		57EFEACE18DFD3D0005F0C59 /* Products */ = {
			isa = PBXGroup;
			children = (
				57EFEACD18DFD3D0005F0C59 /* libMathC.a */,
			);
			name = Products;
			sourceTree = "<group>";
		};
		57EFEAF618DFD411005F0C59 /* Source */ = {
			isa = PBXGroup;
			children = (
				57EFEAF918DFD435005F0C59 /* Math.cpp */,
			);
			name = Source;
			sourceTree = "<group>";
		};
		57EFEAF718DFD418005F0C59 /* Include */ = {
			isa = PBXGroup;
			children = (
				57EFEAF818DFD428005F0C59 /* Math.h */,
			);
			name = Include;
			sourceTree = "<group>";
		};
/* End PBXGroup section */

/* Begin PBXNativeTarget section */
		57EFEACC18DFD3D0005F0C59 /* MathC */ = {
			isa = PBXNativeTarget;
			buildConfigurationList = 57EFEAF018DFD3D0005F0C59 /* Build configuration list for PBXNativeTarget "MathC" */;
			buildPhases = (
				57EFEAC918DFD3D0005F0C59 /* Sources */,
				57EFEACA18DFD3D0005F0C59 /* Frameworks */,
				57EFEACB18DFD3D0005F0C59 /* CopyFiles */,
			);
			buildRules = (
			);
			dependencies = (
			);
			name = MathC;
			productName = MathC;
			productReference = 57EFEACD18DFD3D0005F0C59 /* libMathC.a */;
			productType = "com.apple.product-type.library.static";
		};
/* End PBXNativeTarget section */

/* Begin PBXProject section */
		57EFEAC518DFD3D0005F0C59 /* Project object */ = {
			isa = PBXProject;
			attributes = {
				LastUpgradeCheck = 0510;
				ORGANIZATIONNAME = "Pixel Soft";
			};
			buildConfigurationList = 57EFEAC818DFD3D0005F0C59 /* Build configuration list for PBXProject "MathC" */;
			compatibilityVersion = "Xcode 3.2";
			developmentRegion = English;
			hasScannedForEncodings = 0;
			knownRegions = (
				en,
			);
			mainGroup = 57EFEAC418DFD3D0005F0C59;
			productRefGroup = 57EFEACE18DFD3D0005F0C59 /* Products */;
			projectDirPath = "";
			projectRoot = "";
			targets = (
				57EFEACC18DFD3D0005F0C59 /* MathC */,
			);
		};
/* End PBXProject section */

/* Begin PBXSourcesBuildPhase section */
		57EFEAC918DFD3D0005F0C59 /* Sources */ = {
			isa = PBXSourcesBuildPhase;
			buildActionMask = 2147483647;
			files = (
				57EFEAFA18DFD435005F0C59 /* Math.cpp in Sources */,
			);
			runOnlyForDeploymentPostprocessing = 0;
		};
/* End PBXSourcesBuildPhase section */

/* Begin XCBuildConfiguration section */
		57EFEAEE18DFD3D0005F0C59 /* Debug */ = {
			isa = XCBuildConfiguration;
			buildSettings = {
				ALWAYS_SEARCH_USER_PATHS = NO;
				CLANG_CXX_LANGUAGE_STANDARD = "gnu++0x";
				CLANG_CXX_LIBRARY = "libc++";
				CLANG_ENABLE_MODULES = YES;
				CLANG_ENABLE_OBJC_ARC = YES;
				CLANG_WARN_BOOL_CONVERSION = YES;
				CLANG_WARN_CONSTANT_CONVERSION = YES;
				CLANG_WARN_DIRECT_OBJC_ISA_USAGE = YES_ERROR;
				CLANG_WARN_EMPTY_BODY = YES;
				CLANG_WARN_ENUM_CONVERSION = YES;
				CLANG_WARN_INT_CONVERSION = YES;
				CLANG_WARN_OBJC_ROOT_CLASS = YES_ERROR;
				CLANG_WARN__DUPLICATE_METHOD_MATCH = YES;
				COPY_PHASE_STRIP = NO;
				GCC_C_LANGUAGE_STANDARD = gnu99;
				GCC_DYNAMIC_NO_PIC = NO;
				GCC_OPTIMIZATION_LEVEL = 0;
				GCC_PREPROCESSOR_DEFINITIONS = (
					"DEBUG=1",
					"$(inherited)",
					PGN_STATIC_BUILD,
				);
				GCC_SYMBOLS_PRIVATE_EXTERN = NO;
				GCC_WARN_64_TO_32_BIT_CONVERSION = YES;
				GCC_WARN_ABOUT_RETURN_TYPE = YES_ERROR;
				GCC_WARN_UNDECLARED_SELECTOR = YES;
				GCC_WARN_UNINITIALIZED_AUTOS = YES_AGGRESSIVE;
				GCC_WARN_UNUSED_FUNCTION = YES;
				GCC_WARN_UNUSED_VARIABLE = YES;
				HEADER_SEARCH_PATHS = (
					"$(inherited)",
					/Applications/Xcode.app/Contents/Developer/Toolchains/XcodeDefault.xctoolchain/usr/include,
					"$(SRCROOT)/../../Include",
				);
				IPHONEOS_DEPLOYMENT_TARGET = 7.1;
				ONLY_ACTIVE_ARCH = YES;
				SDKROOT = iphoneos;
				SYMROOT = "$(SRCROOT)/../../Build";
			};
			name = Debug;
		};
		57EFEAEF18DFD3D0005F0C59 /* Release */ = {
			isa = XCBuildConfiguration;
			buildSettings = {
				ALWAYS_SEARCH_USER_PATHS = NO;
				CLANG_CXX_LANGUAGE_STANDARD = "gnu++0x";
				CLANG_CXX_LIBRARY = "libc++";
				CLANG_ENABLE_MODULES = YES;
				CLANG_ENABLE_OBJC_ARC = YES;
				CLANG_WARN_BOOL_CONVERSION = YES;
				CLANG_WARN_CONSTANT_CONVERSION = YES;
				CLANG_WARN_DIRECT_OBJC_ISA_USAGE = YES_ERROR;
				CLANG_WARN_EMPTY_BODY = YES;
				CLANG_WARN_ENUM_CONVERSION = YES;
				CLANG_WARN_INT_CONVERSION = YES;
				CLANG_WARN_OBJC_ROOT_CLASS = YES_ERROR;
				CLANG_WARN__DUPLICATE_METHOD_MATCH = YES;
				COPY_PHASE_STRIP = YES;
				ENABLE_NS_ASSERTIONS = NO;
				GCC_C_LANGUAGE_STANDARD = gnu99;
				GCC_PREPROCESSOR_DEFINITIONS = (
					NDEBUG,
					PGN_STATIC_BUILD,
				);
				GCC_WARN_64_TO_32_BIT_CONVERSION = YES;
				GCC_WARN_ABOUT_RETURN_TYPE = YES_ERROR;
				GCC_WARN_UNDECLARED_SELECTOR = YES;
				GCC_WARN_UNINITIALIZED_AUTOS = YES_AGGRESSIVE;
				GCC_WARN_UNUSED_FUNCTION = YES;
				GCC_WARN_UNUSED_VARIABLE = YES;
				HEADER_SEARCH_PATHS = (
					"$(inherited)",
					/Applications/Xcode.app/Contents/Developer/Toolchains/XcodeDefault.xctoolchain/usr/include,
					"$(SRCROOT)/../../Include",
				);
				IPHONEOS_DEPLOYMENT_TARGET = 7.1;
				SDKROOT = iphoneos;
				SYMROOT = "$(SRCROOT)/../../Build";
				VALIDATE_PRODUCT = YES;
			};
			name = Release;
		};
		57EFEAF118DFD3D0005F0C59 /* Debug */ = {
			isa = XCBuildConfiguration;
			buildSettings = {
				DSTROOT = /tmp/MathC.dst;
				GCC_PRECOMPILE_PREFIX_HEADER = NO;
				GCC_PREFIX_HEADER = "";
				OTHER_LDFLAGS = "-ObjC";
				PRODUCT_NAME = "$(TARGET_NAME)";
				SKIP_INSTALL = YES;
			};
			name = Debug;
		};
		57EFEAF218DFD3D0005F0C59 /* Release */ = {
			isa = XCBuildConfiguration;
			buildSettings = {
				DSTROOT = /tmp/MathC.dst;
				GCC_PRECOMPILE_PREFIX_HEADER = NO;
				GCC_PREFIX_HEADER = "";
				OTHER_LDFLAGS = "-ObjC";
				PRODUCT_NAME = "$(TARGET_NAME)";
				SKIP_INSTALL = YES;
			};
			name = Release;
		};
/* End XCBuildConfiguration section */

/* Begin XCConfigurationList section */
		57EFEAC818DFD3D0005F0C59 /* Build configuration list for PBXProject "MathC" */ = {
			isa = XCConfigurationList;
			buildConfigurations = (
				57EFEAEE18DFD3D0005F0C59 /* Debug */,
				57EFEAEF18DFD3D0005F0C59 /* Release */,
			);
			defaultConfigurationIsVisible = 0;
			defaultConfigurationName = Release;
		};
		57EFEAF018DFD3D0005F0C59 /* Build configuration list for PBXNativeTarget "MathC" */ = {
			isa = XCConfigurationList;
			buildConfigurations = (
				57EFEAF118DFD3D0005F0C59 /* Debug */,
				57EFEAF218DFD3D0005F0C59 /* Release */,
			);
			defaultConfigurationIsVisible = 0;
			defaultConfigurationName = Release;
		};
/* End XCConfigurationList section */
	};
	rootObject = 57EFEAC518DFD3D0005F0C59 /* Project object */;
}
