<?xml version="1.0" encoding="utf-8"?>
<Project ToolsVersion="4.0" xmlns="http://schemas.microsoft.com/developer/msbuild/2003">
  <ItemGroup>
    <Filter Include="Source Files">
      <UniqueIdentifier>{4FC737F1-C7A5-4376-A066-2A32D752A2FF}</UniqueIdentifier>
      <Extensions>cpp;c;cc;cxx;def;odl;idl;hpj;bat;asm;asmx</Extensions>
    </Filter>
    <Filter Include="Header Files">
      <UniqueIdentifier>{93995380-89BD-4b04-88EB-625FBE52EBFB}</UniqueIdentifier>
      <Extensions>h;hpp;hxx;hm;inl;inc;xsd</Extensions>
    </Filter>
    <Filter Include="Resource Files">
      <UniqueIdentifier>{67DA6AB6-F800-4c08-8B7A-83BB121AAD01}</UniqueIdentifier>
      <Extensions>rc;ico;cur;bmp;dlg;rc2;rct;bin;rgs;gif;jpg;jpeg;jpe;resx;tiff;tif;png;wav;mfcribbon-ms</Extensions>
    </Filter>
    <Filter Include="Header Files\SkeletalAnimation">
      <UniqueIdentifier>{04024967-5811-4cec-af0a-0fb9604c9e82}</UniqueIdentifier>
    </Filter>
    <Filter Include="Source Files\SkeletalAnimation">
      <UniqueIdentifier>{b04d5c5f-85f3-48b8-9840-a298468ad281}</UniqueIdentifier>
    </Filter>
    <Filter Include="Source Files\LinearTransformations">
      <UniqueIdentifier>{704f96b0-c349-4bd7-a5e9-f3078c4a975a}</UniqueIdentifier>
    </Filter>
  </ItemGroup>
  <ItemGroup>
    <ClInclude Include="..\..\Include\PGN\FatMan\SkeletalAnimation\Animation.h">
      <Filter>Header Files\SkeletalAnimation</Filter>
    </ClInclude>
    <ClInclude Include="..\..\Include\PGN\FatMan\SkeletalAnimation\AnimationFactory.h">
      <Filter>Header Files\SkeletalAnimation</Filter>
    </ClInclude>
    <ClInclude Include="..\..\Include\PGN\FatMan\SkeletalAnimation\Skeleton.h">
      <Filter>Header Files\SkeletalAnimation</Filter>
    </ClInclude>
    <ClInclude Include="..\..\Include\PGN\FatMan\SkeletalAnimation\SkeletonFactory.h">
      <Filter>Header Files\SkeletalAnimation</Filter>
    </ClInclude>
    <ClInclude Include="..\..\Include\PGN\FatMan\SkeletalAnimation\SkeletonTemplate.h">
      <Filter>Header Files\SkeletalAnimation</Filter>
    </ClInclude>
    <ClInclude Include="..\..\Include\PGN\FatMan\SkeletalAnimation\SkeletonTemplateFactory.h">
      <Filter>Header Files\SkeletalAnimation</Filter>
    </ClInclude>
    <ClInclude Include="SkeletalAnimation\Anim.h">
      <Filter>Source Files\SkeletalAnimation</Filter>
    </ClInclude>
    <ClInclude Include="SkeletalAnimation\Animation.h">
      <Filter>Source Files\SkeletalAnimation</Filter>
    </ClInclude>
    <ClInclude Include="SkeletalAnimation\PNA.h">
      <Filter>Source Files\SkeletalAnimation</Filter>
    </ClInclude>
    <ClInclude Include="SkeletalAnimation\PNAFactory.h">
      <Filter>Source Files\SkeletalAnimation</Filter>
    </ClInclude>
    <ClInclude Include="SkeletalAnimation\Skeleton.h">
      <Filter>Source Files\SkeletalAnimation</Filter>
    </ClInclude>
    <ClInclude Include="SkeletalAnimation\SkeletonTemplate.h">
      <Filter>Source Files\SkeletalAnimation</Filter>
    </ClInclude>
    <ClInclude Include="..\..\Include\PGN\FatMan\LinearTransformations.h">
      <Filter>Header Files</Filter>
    </ClInclude>
    <ClInclude Include="LinearTransformations\sinCosTable.h">
      <Filter>Source Files\LinearTransformations</Filter>
    </ClInclude>
  </ItemGroup>
  <ItemGroup>
    <ClCompile Include="SkeletalAnimation\Animation.cpp">
      <Filter>Source Files\SkeletalAnimation</Filter>
    </ClCompile>
    <ClCompile Include="SkeletalAnimation\AnimationFactory.cpp">
      <Filter>Source Files\SkeletalAnimation</Filter>
    </ClCompile>
    <ClCompile Include="SkeletalAnimation\PNA.cpp">
      <Filter>Source Files\SkeletalAnimation</Filter>
    </ClCompile>
    <ClCompile Include="SkeletalAnimation\PNAFactory.cpp">
      <Filter>Source Files\SkeletalAnimation</Filter>
    </ClCompile>
    <ClCompile Include="SkeletalAnimation\Skeleton.cpp">
      <Filter>Source Files\SkeletalAnimation</Filter>
    </ClCompile>
    <ClCompile Include="SkeletalAnimation\SkeletonFactory.cpp">
      <Filter>Source Files\SkeletalAnimation</Filter>
    </ClCompile>
    <ClCompile Include="SkeletalAnimation\SkeletonTemplate.cpp">
      <Filter>Source Files\SkeletalAnimation</Filter>
    </ClCompile>
    <ClCompile Include="SkeletalAnimation\SkeletonTemplateFactory.cpp">
      <Filter>Source Files\SkeletalAnimation</Filter>
    </ClCompile>
    <ClCompile Include="LinearTransformations\sinCosTable.cpp">
      <Filter>Source Files\LinearTransformations</Filter>
    </ClCompile>
    <ClCompile Include="LinearTransformations\LinearTransformations.cpp">
      <Filter>Source Files\LinearTransformations</Filter>
    </ClCompile>
  </ItemGroup>
</Project>