<?xml version="1.0" encoding="utf-8"?>
<Project ToolsVersion="4.0" xmlns="http://schemas.microsoft.com/developer/msbuild/2003">
  <ItemGroup>
    <Filter Include="Source Files">
      <UniqueIdentifier>{4FC737F1-C7A5-4376-A066-2A32D752A2FF}</UniqueIdentifier>
      <Extensions>cpp;c;cc;cxx;def;odl;idl;hpj;bat;asm;asmx</Extensions>
    </Filter>
    <Filter Include="Header Files">
      <UniqueIdentifier>{93995380-89BD-4b04-88EB-625FBE52EBFB}</UniqueIdentifier>
      <Extensions>h;hpp;hxx;hm;inl;inc;xsd</Extensions>
    </Filter>
    <Filter Include="Resource Files">
      <UniqueIdentifier>{67DA6AB6-F800-4c08-8B7A-83BB121AAD01}</UniqueIdentifier>
      <Extensions>rc;ico;cur;bmp;dlg;rc2;rct;bin;rgs;gif;jpg;jpeg;jpe;resx;tiff;tif;png;wav;mfcribbon-ms</Extensions>
    </Filter>
    <Filter Include="Header Files\ResourceManager">
      <UniqueIdentifier>{59197636-af05-4fde-99fa-4489255b557c}</UniqueIdentifier>
    </Filter>
    <Filter Include="Source Files\ResourceManager">
      <UniqueIdentifier>{70220178-8360-458e-9114-4cc6d8219b39}</UniqueIdentifier>
    </Filter>
    <Filter Include="Header Files\SkeletalAnimation">
      <UniqueIdentifier>{77e92bd1-fcbf-48a7-be97-81359de47725}</UniqueIdentifier>
    </Filter>
    <Filter Include="Header Files\CollisionDetection">
      <UniqueIdentifier>{38aa75d0-b7a3-4787-9759-1cbd9d80f0cf}</UniqueIdentifier>
    </Filter>
    <Filter Include="Source Files\SkeletalAnimation">
      <UniqueIdentifier>{3f4afd77-53b2-4985-86d7-6058b4724f83}</UniqueIdentifier>
    </Filter>
    <Filter Include="Source Files\LinearTransformations">
      <UniqueIdentifier>{d892b292-15ed-44f8-9086-0ab689534a39}</UniqueIdentifier>
    </Filter>
    <Filter Include="Source Files\CollisionDetection">
      <UniqueIdentifier>{8dbca402-a26c-4f60-ae44-8cc0c18a9ba6}</UniqueIdentifier>
    </Filter>
  </ItemGroup>
  <ItemGroup>
    <ClCompile Include="Text.cpp">
      <Filter>Source Files</Filter>
    </ClCompile>
    <ClCompile Include="CircularBuffer.cpp">
      <Filter>Source Files</Filter>
    </ClCompile>
    <ClCompile Include="Pipeline.cpp">
      <Filter>Source Files</Filter>
    </ClCompile>
    <ClCompile Include="Heap.cpp">
      <Filter>Source Files</Filter>
    </ClCompile>
    <ClCompile Include="ResourceManager\AsyncLoader.cpp">
      <Filter>Source Files\ResourceManager</Filter>
    </ClCompile>
    <ClCompile Include="ResourceManager\ResourceHandle.cpp">
      <Filter>Source Files\ResourceManager</Filter>
    </ClCompile>
    <ClCompile Include="ResourceManager\ResourceManager.cpp">
      <Filter>Source Files\ResourceManager</Filter>
    </ClCompile>
    <ClCompile Include="Clock.cpp">
      <Filter>Source Files</Filter>
    </ClCompile>
    <ClCompile Include="Blob.cpp">
      <Filter>Source Files</Filter>
    </ClCompile>
    <ClCompile Include="Pool.cpp">
      <Filter>Source Files</Filter>
    </ClCompile>
    <ClCompile Include="Pool2.cpp">
      <Filter>Source Files</Filter>
    </ClCompile>
    <ClCompile Include="ManagedHeap.cpp">
      <Filter>Source Files</Filter>
    </ClCompile>
    <ClCompile Include="SkeletalAnimation\Animation.cpp">
      <Filter>Source Files\SkeletalAnimation</Filter>
    </ClCompile>
    <ClCompile Include="SkeletalAnimation\AnimationFactory.cpp">
      <Filter>Source Files\SkeletalAnimation</Filter>
    </ClCompile>
    <ClCompile Include="SkeletalAnimation\PNA.cpp">
      <Filter>Source Files\SkeletalAnimation</Filter>
    </ClCompile>
    <ClCompile Include="SkeletalAnimation\PNAFactory.cpp">
      <Filter>Source Files\SkeletalAnimation</Filter>
    </ClCompile>
    <ClCompile Include="SkeletalAnimation\Skeleton.cpp">
      <Filter>Source Files\SkeletalAnimation</Filter>
    </ClCompile>
    <ClCompile Include="SkeletalAnimation\SkeletonFactory.cpp">
      <Filter>Source Files\SkeletalAnimation</Filter>
    </ClCompile>
    <ClCompile Include="SkeletalAnimation\SkeletonTemplate.cpp">
      <Filter>Source Files\SkeletalAnimation</Filter>
    </ClCompile>
    <ClCompile Include="SkeletalAnimation\SkeletonTemplateFactory.cpp">
      <Filter>Source Files\SkeletalAnimation</Filter>
    </ClCompile>
    <ClCompile Include="LinearTransformations\LinearTransformations.cpp">
      <Filter>Source Files\LinearTransformations</Filter>
    </ClCompile>
    <ClCompile Include="LinearTransformations\sinCosTable.cpp">
      <Filter>Source Files\LinearTransformations</Filter>
    </ClCompile>
    <ClCompile Include="CollisionDetection\BasicPrimitiveTests.cpp">
      <Filter>Source Files\CollisionDetection</Filter>
    </ClCompile>
  </ItemGroup>
  <ItemGroup>
    <ClInclude Include="..\..\Include\PGN\Utilities\Text.h">
      <Filter>Header Files</Filter>
    </ClInclude>
    <ClInclude Include="..\..\Include\PGN\Utilities\CircularBuffer.h">
      <Filter>Header Files</Filter>
    </ClInclude>
    <ClInclude Include="..\..\Include\PGN\Utilities\Pipeline.h">
      <Filter>Header Files</Filter>
    </ClInclude>
    <ClInclude Include="..\..\Include\PGN\Utilities\Heap.h">
      <Filter>Header Files</Filter>
    </ClInclude>
    <ClInclude Include="..\..\Include\PGN\Utilities\ResourceManager\Asset.h">
      <Filter>Header Files\ResourceManager</Filter>
    </ClInclude>
    <ClInclude Include="..\..\Include\PGN\Utilities\ResourceManager\AssetFactory.h">
      <Filter>Header Files\ResourceManager</Filter>
    </ClInclude>
    <ClInclude Include="..\..\Include\PGN\Utilities\ResourceManager\AssetLoader.h">
      <Filter>Header Files\ResourceManager</Filter>
    </ClInclude>
    <ClInclude Include="..\..\Include\PGN\Utilities\ResourceManager\AsyncLoader.h">
      <Filter>Header Files\ResourceManager</Filter>
    </ClInclude>
    <ClInclude Include="..\..\Include\PGN\Utilities\ResourceManager\ResourceHandle.h">
      <Filter>Header Files\ResourceManager</Filter>
    </ClInclude>
    <ClInclude Include="..\..\Include\PGN\Utilities\ResourceManager\ResourceManager.h">
      <Filter>Header Files\ResourceManager</Filter>
    </ClInclude>
    <ClInclude Include="ResourceManager\ResourceHandle.h">
      <Filter>Source Files\ResourceManager</Filter>
    </ClInclude>
    <ClInclude Include="ResourceManager\ResourceManager.h">
      <Filter>Source Files\ResourceManager</Filter>
    </ClInclude>
    <ClInclude Include="..\..\Include\PGN\Utilities\Clock.h">
      <Filter>Header Files</Filter>
    </ClInclude>
    <ClInclude Include="..\..\Include\PGN\Utilities\Queue.h">
      <Filter>Header Files</Filter>
    </ClInclude>
    <ClInclude Include="..\..\Include\PGN\Utilities\Pool.h">
      <Filter>Header Files</Filter>
    </ClInclude>
    <ClInclude Include="..\..\Include\PGN\Utilities\PoolAllocator.h">
      <Filter>Header Files</Filter>
    </ClInclude>
    <ClInclude Include="..\..\Include\PGN\Utilities\HeapAllocator.h">
      <Filter>Header Files</Filter>
    </ClInclude>
    <ClInclude Include="..\..\Include\PGN\Utilities\HeapAllocator2.h">
      <Filter>Header Files</Filter>
    </ClInclude>
    <ClInclude Include="..\..\Include\PGN\Utilities\Pool2.h">
      <Filter>Header Files</Filter>
    </ClInclude>
    <ClInclude Include="..\..\Include\PGN\Utilities\ManagedHeap.h">
      <Filter>Header Files</Filter>
    </ClInclude>
    <ClInclude Include="..\..\Include\PGN\Utilities\SkeletalAnimation\Animation.h">
      <Filter>Header Files\SkeletalAnimation</Filter>
    </ClInclude>
    <ClInclude Include="..\..\Include\PGN\Utilities\SkeletalAnimation\AnimationFactory.h">
      <Filter>Header Files\SkeletalAnimation</Filter>
    </ClInclude>
    <ClInclude Include="..\..\Include\PGN\Utilities\SkeletalAnimation\Skeleton.h">
      <Filter>Header Files\SkeletalAnimation</Filter>
    </ClInclude>
    <ClInclude Include="..\..\Include\PGN\Utilities\SkeletalAnimation\SkeletonFactory.h">
      <Filter>Header Files\SkeletalAnimation</Filter>
    </ClInclude>
    <ClInclude Include="..\..\Include\PGN\Utilities\SkeletalAnimation\SkeletonTemplate.h">
      <Filter>Header Files\SkeletalAnimation</Filter>
    </ClInclude>
    <ClInclude Include="..\..\Include\PGN\Utilities\SkeletalAnimation\SkeletonTemplateFactory.h">
      <Filter>Header Files\SkeletalAnimation</Filter>
    </ClInclude>
    <ClInclude Include="..\..\Include\PGN\Utilities\LinearTransformations.h">
      <Filter>Header Files</Filter>
    </ClInclude>
    <ClInclude Include="..\..\Include\PGN\Utilities\CollisionDetection\BasicPrimitiveTests.h">
      <Filter>Header Files\CollisionDetection</Filter>
    </ClInclude>
    <ClInclude Include="SkeletalAnimation\Anim.h">
      <Filter>Source Files\SkeletalAnimation</Filter>
    </ClInclude>
    <ClInclude Include="SkeletalAnimation\Animation.h">
      <Filter>Source Files\SkeletalAnimation</Filter>
    </ClInclude>
    <ClInclude Include="SkeletalAnimation\PNA.h">
      <Filter>Source Files\SkeletalAnimation</Filter>
    </ClInclude>
    <ClInclude Include="SkeletalAnimation\PNAFactory.h">
      <Filter>Source Files\SkeletalAnimation</Filter>
    </ClInclude>
    <ClInclude Include="SkeletalAnimation\Skeleton.h">
      <Filter>Source Files\SkeletalAnimation</Filter>
    </ClInclude>
    <ClInclude Include="SkeletalAnimation\SkeletonTemplate.h">
      <Filter>Source Files\SkeletalAnimation</Filter>
    </ClInclude>
    <ClInclude Include="LinearTransformations\sinCosTable.h">
      <Filter>Source Files\LinearTransformations</Filter>
    </ClInclude>
  </ItemGroup>
</Project>