// !$*UTF8*$!
{
	archiveVersion = 1;
	classes = {
	};
	objectVersion = 46;
	objects = {

/* Begin PBXBuildFile section */
		5701BF841B86CC5300DAF382 /* ManagedHeap.cpp in Sources */ = {isa = PBXBuildFile; fileRef = 5701BF831B86CC5300DAF382 /* ManagedHeap.cpp */; };
		57708D7A19F9DF40003B74DB /* Blob.cpp in Sources */ = {isa = PBXBuildFile; fileRef = 57708D7919F9DF40003B74DB /* Blob.cpp */; };
		57EFEB4C18DFE04F005F0C59 /* CircularBuffer.cpp in Sources */ = {isa = PBXBuildFile; fileRef = 57EFEB3F18DFE04F005F0C59 /* CircularBuffer.cpp */; };
		57EFEB4D18DFE04F005F0C59 /* Clock.cpp in Sources */ = {isa = PBXBuildFile; fileRef = 57EFEB4018DFE04F005F0C59 /* Clock.cpp */; };
		57EFEB4E18DFE04F005F0C59 /* Heap.cpp in Sources */ = {isa = PBXBuildFile; fileRef = 57EFEB4118DFE04F005F0C59 /* Heap.cpp */; };
		57EFEB4F18DFE04F005F0C59 /* Pool2.cpp in Sources */ = {isa = PBXBuildFile; fileRef = 57EFEB4218DFE04F005F0C59 /* Pool2.cpp */; };
		57EFEB5018DFE04F005F0C59 /* Pipeline.cpp in Sources */ = {isa = PBXBuildFile; fileRef = 57EFEB4318DFE04F005F0C59 /* Pipeline.cpp */; };
		57EFEB5118DFE04F005F0C59 /* AsyncLoader.cpp in Sources */ = {isa = PBXBuildFile; fileRef = 57EFEB4518DFE04F005F0C59 /* AsyncLoader.cpp */; };
		57EFEB5218DFE04F005F0C59 /* ResourceHandle.cpp in Sources */ = {isa = PBXBuildFile; fileRef = 57EFEB4618DFE04F005F0C59 /* ResourceHandle.cpp */; };
		57EFEB5318DFE04F005F0C59 /* ResourceManager.cpp in Sources */ = {isa = PBXBuildFile; fileRef = 57EFEB4818DFE04F005F0C59 /* ResourceManager.cpp */; };
		57EFEB5418DFE04F005F0C59 /* Pool.cpp in Sources */ = {isa = PBXBuildFile; fileRef = 57EFEB4A18DFE04F005F0C59 /* Pool.cpp */; };
		57EFEB5518DFE04F005F0C59 /* Text.cpp in Sources */ = {isa = PBXBuildFile; fileRef = 57EFEB4B18DFE04F005F0C59 /* Text.cpp */; };
		C2C0ABCE1D81335D0034F6A8 /* BasicPrimitiveTests.cpp in Sources */ = {isa = PBXBuildFile; fileRef = C2C0ABBA1D81335D0034F6A8 /* BasicPrimitiveTests.cpp */; };
		C2C0ABCF1D81335D0034F6A8 /* LinearTransformations.cpp in Sources */ = {isa = PBXBuildFile; fileRef = C2C0ABBC1D81335D0034F6A8 /* LinearTransformations.cpp */; };
		C2C0ABD01D81335D0034F6A8 /* sinCosTable.cpp in Sources */ = {isa = PBXBuildFile; fileRef = C2C0ABBD1D81335D0034F6A8 /* sinCosTable.cpp */; };
		C2C0ABD11D81335D0034F6A8 /* Animation.cpp in Sources */ = {isa = PBXBuildFile; fileRef = C2C0ABC11D81335D0034F6A8 /* Animation.cpp */; };
		C2C0ABD21D81335D0034F6A8 /* AnimationFactory.cpp in Sources */ = {isa = PBXBuildFile; fileRef = C2C0ABC31D81335D0034F6A8 /* AnimationFactory.cpp */; };
		C2C0ABD31D81335D0034F6A8 /* PNA.cpp in Sources */ = {isa = PBXBuildFile; fileRef = C2C0ABC41D81335D0034F6A8 /* PNA.cpp */; };
		C2C0ABD41D81335D0034F6A8 /* PNAFactory.cpp in Sources */ = {isa = PBXBuildFile; fileRef = C2C0ABC61D81335D0034F6A8 /* PNAFactory.cpp */; };
		C2C0ABD51D81335D0034F6A8 /* Skeleton.cpp in Sources */ = {isa = PBXBuildFile; fileRef = C2C0ABC81D81335D0034F6A8 /* Skeleton.cpp */; };
		C2C0ABD61D81335D0034F6A8 /* SkeletonFactory.cpp in Sources */ = {isa = PBXBuildFile; fileRef = C2C0ABCA1D81335D0034F6A8 /* SkeletonFactory.cpp */; };
		C2C0ABD71D81335D0034F6A8 /* SkeletonTemplate.cpp in Sources */ = {isa = PBXBuildFile; fileRef = C2C0ABCB1D81335D0034F6A8 /* SkeletonTemplate.cpp */; };
		C2C0ABD81D81335D0034F6A8 /* SkeletonTemplateFactory.cpp in Sources */ = {isa = PBXBuildFile; fileRef = C2C0ABCD1D81335D0034F6A8 /* SkeletonTemplateFactory.cpp */; };
/* End PBXBuildFile section */

/* Begin PBXCopyFilesBuildPhase section */
		57EFEB0218DFDFAB005F0C59 /* CopyFiles */ = {
			isa = PBXCopyFilesBuildPhase;
			buildActionMask = 2147483647;
			dstPath = "include/$(PRODUCT_NAME)";
			dstSubfolderSpec = 16;
			files = (
			);
			runOnlyForDeploymentPostprocessing = 0;
		};
/* End PBXCopyFilesBuildPhase section */

/* Begin PBXFileReference section */
		5701BF821B86CBEB00DAF382 /* ManagedHeap.h */ = {isa = PBXFileReference; lastKnownFileType = sourcecode.c.h; name = ManagedHeap.h; path = ../../Include/PGN/Utilities/ManagedHeap.h; sourceTree = "<group>"; };
		5701BF831B86CC5300DAF382 /* ManagedHeap.cpp */ = {isa = PBXFileReference; fileEncoding = 4; lastKnownFileType = sourcecode.cpp.cpp; path = ManagedHeap.cpp; sourceTree = "<group>"; };
		57708D7919F9DF40003B74DB /* Blob.cpp */ = {isa = PBXFileReference; fileEncoding = 4; lastKnownFileType = sourcecode.cpp.cpp; path = Blob.cpp; sourceTree = "<group>"; };
		57EFEB0418DFDFAB005F0C59 /* libUtilities.a */ = {isa = PBXFileReference; explicitFileType = archive.ar; includeInIndex = 0; path = libUtilities.a; sourceTree = BUILT_PRODUCTS_DIR; };
		57EFEB2F18DFE02B005F0C59 /* CircularBuffer.h */ = {isa = PBXFileReference; lastKnownFileType = sourcecode.c.h; name = CircularBuffer.h; path = ../../Include/PGN/Utilities/CircularBuffer.h; sourceTree = "<group>"; };
		57EFEB3018DFE02B005F0C59 /* Clock.h */ = {isa = PBXFileReference; lastKnownFileType = sourcecode.c.h; name = Clock.h; path = ../../Include/PGN/Utilities/Clock.h; sourceTree = "<group>"; };
		57EFEB3118DFE02B005F0C59 /* Heap.h */ = {isa = PBXFileReference; lastKnownFileType = sourcecode.c.h; name = Heap.h; path = ../../Include/PGN/Utilities/Heap.h; sourceTree = "<group>"; };
		57EFEB3218DFE02B005F0C59 /* HeapAllocator.h */ = {isa = PBXFileReference; lastKnownFileType = sourcecode.c.h; name = HeapAllocator.h; path = ../../Include/PGN/Utilities/HeapAllocator.h; sourceTree = "<group>"; };
		57EFEB3318DFE02B005F0C59 /* Pool2.h */ = {isa = PBXFileReference; lastKnownFileType = sourcecode.c.h; name = Pool2.h; path = ../../Include/PGN/Utilities/Pool2.h; sourceTree = "<group>"; };
		57EFEB3418DFE02B005F0C59 /* Pipeline.h */ = {isa = PBXFileReference; lastKnownFileType = sourcecode.c.h; name = Pipeline.h; path = ../../Include/PGN/Utilities/Pipeline.h; sourceTree = "<group>"; };
		57EFEB3518DFE02B005F0C59 /* PoolAllocator.h */ = {isa = PBXFileReference; lastKnownFileType = sourcecode.c.h; name = PoolAllocator.h; path = ../../Include/PGN/Utilities/PoolAllocator.h; sourceTree = "<group>"; };
		57EFEB3718DFE02B005F0C59 /* Asset.h */ = {isa = PBXFileReference; lastKnownFileType = sourcecode.c.h; path = Asset.h; sourceTree = "<group>"; };
		57EFEB3818DFE02B005F0C59 /* AssetFactory.h */ = {isa = PBXFileReference; lastKnownFileType = sourcecode.c.h; path = AssetFactory.h; sourceTree = "<group>"; };
		57EFEB3918DFE02B005F0C59 /* AssetLoader.h */ = {isa = PBXFileReference; lastKnownFileType = sourcecode.c.h; path = AssetLoader.h; sourceTree = "<group>"; };
		57EFEB3A18DFE02B005F0C59 /* AsyncLoader.h */ = {isa = PBXFileReference; lastKnownFileType = sourcecode.c.h; path = AsyncLoader.h; sourceTree = "<group>"; };
		57EFEB3B18DFE02B005F0C59 /* ResourceHandle.h */ = {isa = PBXFileReference; lastKnownFileType = sourcecode.c.h; path = ResourceHandle.h; sourceTree = "<group>"; };
		57EFEB3C18DFE02B005F0C59 /* ResourceManager.h */ = {isa = PBXFileReference; lastKnownFileType = sourcecode.c.h; path = ResourceManager.h; sourceTree = "<group>"; };
		57EFEB3D18DFE02B005F0C59 /* Pool.h */ = {isa = PBXFileReference; lastKnownFileType = sourcecode.c.h; name = Pool.h; path = ../../Include/PGN/Utilities/Pool.h; sourceTree = "<group>"; };
		57EFEB3E18DFE02B005F0C59 /* Text.h */ = {isa = PBXFileReference; lastKnownFileType = sourcecode.c.h; name = Text.h; path = ../../Include/PGN/Utilities/Text.h; sourceTree = "<group>"; };
		57EFEB3F18DFE04F005F0C59 /* CircularBuffer.cpp */ = {isa = PBXFileReference; fileEncoding = 4; lastKnownFileType = sourcecode.cpp.cpp; path = CircularBuffer.cpp; sourceTree = "<group>"; };
		57EFEB4018DFE04F005F0C59 /* Clock.cpp */ = {isa = PBXFileReference; fileEncoding = 4; lastKnownFileType = sourcecode.cpp.cpp; path = Clock.cpp; sourceTree = "<group>"; };
		57EFEB4118DFE04F005F0C59 /* Heap.cpp */ = {isa = PBXFileReference; fileEncoding = 4; lastKnownFileType = sourcecode.cpp.cpp; path = Heap.cpp; sourceTree = "<group>"; };
		57EFEB4218DFE04F005F0C59 /* Pool2.cpp */ = {isa = PBXFileReference; fileEncoding = 4; lastKnownFileType = sourcecode.cpp.cpp; path = Pool2.cpp; sourceTree = "<group>"; };
		57EFEB4318DFE04F005F0C59 /* Pipeline.cpp */ = {isa = PBXFileReference; fileEncoding = 4; lastKnownFileType = sourcecode.cpp.cpp; path = Pipeline.cpp; sourceTree = "<group>"; };
		57EFEB4518DFE04F005F0C59 /* AsyncLoader.cpp */ = {isa = PBXFileReference; explicitFileType = sourcecode.cpp.objcpp; fileEncoding = 4; path = AsyncLoader.cpp; sourceTree = "<group>"; };
		57EFEB4618DFE04F005F0C59 /* ResourceHandle.cpp */ = {isa = PBXFileReference; fileEncoding = 4; lastKnownFileType = sourcecode.cpp.cpp; path = ResourceHandle.cpp; sourceTree = "<group>"; };
		57EFEB4718DFE04F005F0C59 /* ResourceHandle.h */ = {isa = PBXFileReference; fileEncoding = 4; lastKnownFileType = sourcecode.c.h; path = ResourceHandle.h; sourceTree = "<group>"; };
		57EFEB4818DFE04F005F0C59 /* ResourceManager.cpp */ = {isa = PBXFileReference; fileEncoding = 4; lastKnownFileType = sourcecode.cpp.cpp; path = ResourceManager.cpp; sourceTree = "<group>"; };
		57EFEB4918DFE04F005F0C59 /* ResourceManager.h */ = {isa = PBXFileReference; fileEncoding = 4; lastKnownFileType = sourcecode.c.h; path = ResourceManager.h; sourceTree = "<group>"; };
		57EFEB4A18DFE04F005F0C59 /* Pool.cpp */ = {isa = PBXFileReference; fileEncoding = 4; lastKnownFileType = sourcecode.cpp.cpp; path = Pool.cpp; sourceTree = "<group>"; };
		57EFEB4B18DFE04F005F0C59 /* Text.cpp */ = {isa = PBXFileReference; fileEncoding = 4; lastKnownFileType = sourcecode.cpp.cpp; path = Text.cpp; sourceTree = "<group>"; };
		C2C0ABAE1D8132C10034F6A8 /* BasicPrimitiveTests.h */ = {isa = PBXFileReference; fileEncoding = 4; lastKnownFileType = sourcecode.c.h; path = BasicPrimitiveTests.h; sourceTree = "<group>"; };
		C2C0ABAF1D8132C10034F6A8 /* HeapAllocator2.h */ = {isa = PBXFileReference; fileEncoding = 4; lastKnownFileType = sourcecode.c.h; name = HeapAllocator2.h; path = ../../Include/PGN/Utilities/HeapAllocator2.h; sourceTree = "<group>"; };
		C2C0ABB01D8132C10034F6A8 /* LinearTransformations.h */ = {isa = PBXFileReference; fileEncoding = 4; lastKnownFileType = sourcecode.c.h; name = LinearTransformations.h; path = ../../Include/PGN/Utilities/LinearTransformations.h; sourceTree = "<group>"; };
		C2C0ABB11D8132C10034F6A8 /* Queue.h */ = {isa = PBXFileReference; fileEncoding = 4; lastKnownFileType = sourcecode.c.h; name = Queue.h; path = ../../Include/PGN/Utilities/Queue.h; sourceTree = "<group>"; };
		C2C0ABB31D8132C10034F6A8 /* Animation.h */ = {isa = PBXFileReference; fileEncoding = 4; lastKnownFileType = sourcecode.c.h; path = Animation.h; sourceTree = "<group>"; };
		C2C0ABB41D8132C10034F6A8 /* AnimationFactory.h */ = {isa = PBXFileReference; fileEncoding = 4; lastKnownFileType = sourcecode.c.h; path = AnimationFactory.h; sourceTree = "<group>"; };
		C2C0ABB51D8132C10034F6A8 /* Skeleton.h */ = {isa = PBXFileReference; fileEncoding = 4; lastKnownFileType = sourcecode.c.h; path = Skeleton.h; sourceTree = "<group>"; };
		C2C0ABB61D8132C10034F6A8 /* SkeletonFactory.h */ = {isa = PBXFileReference; fileEncoding = 4; lastKnownFileType = sourcecode.c.h; path = SkeletonFactory.h; sourceTree = "<group>"; };
		C2C0ABB71D8132C10034F6A8 /* SkeletonTemplate.h */ = {isa = PBXFileReference; fileEncoding = 4; lastKnownFileType = sourcecode.c.h; path = SkeletonTemplate.h; sourceTree = "<group>"; };
		C2C0ABB81D8132C10034F6A8 /* SkeletonTemplateFactory.h */ = {isa = PBXFileReference; fileEncoding = 4; lastKnownFileType = sourcecode.c.h; path = SkeletonTemplateFactory.h; sourceTree = "<group>"; };
		C2C0ABBA1D81335D0034F6A8 /* BasicPrimitiveTests.cpp */ = {isa = PBXFileReference; fileEncoding = 4; lastKnownFileType = sourcecode.cpp.cpp; path = BasicPrimitiveTests.cpp; sourceTree = "<group>"; };
		C2C0ABBC1D81335D0034F6A8 /* LinearTransformations.cpp */ = {isa = PBXFileReference; fileEncoding = 4; lastKnownFileType = sourcecode.cpp.cpp; path = LinearTransformations.cpp; sourceTree = "<group>"; };
		C2C0ABBD1D81335D0034F6A8 /* sinCosTable.cpp */ = {isa = PBXFileReference; fileEncoding = 4; lastKnownFileType = sourcecode.cpp.cpp; path = sinCosTable.cpp; sourceTree = "<group>"; };
		C2C0ABBE1D81335D0034F6A8 /* sinCosTable.h */ = {isa = PBXFileReference; fileEncoding = 4; lastKnownFileType = sourcecode.c.h; path = sinCosTable.h; sourceTree = "<group>"; };
		C2C0ABC01D81335D0034F6A8 /* Anim.h */ = {isa = PBXFileReference; fileEncoding = 4; lastKnownFileType = sourcecode.c.h; path = Anim.h; sourceTree = "<group>"; };
		C2C0ABC11D81335D0034F6A8 /* Animation.cpp */ = {isa = PBXFileReference; fileEncoding = 4; lastKnownFileType = sourcecode.cpp.cpp; path = Animation.cpp; sourceTree = "<group>"; };
		C2C0ABC21D81335D0034F6A8 /* Animation.h */ = {isa = PBXFileReference; fileEncoding = 4; lastKnownFileType = sourcecode.c.h; path = Animation.h; sourceTree = "<group>"; };
		C2C0ABC31D81335D0034F6A8 /* AnimationFactory.cpp */ = {isa = PBXFileReference; explicitFileType = sourcecode.cpp.objcpp; fileEncoding = 4; path = AnimationFactory.cpp; sourceTree = "<group>"; };
		C2C0ABC41D81335D0034F6A8 /* PNA.cpp */ = {isa = PBXFileReference; fileEncoding = 4; lastKnownFileType = sourcecode.cpp.cpp; path = PNA.cpp; sourceTree = "<group>"; };
		C2C0ABC51D81335D0034F6A8 /* PNA.h */ = {isa = PBXFileReference; fileEncoding = 4; lastKnownFileType = sourcecode.c.h; path = PNA.h; sourceTree = "<group>"; };
		C2C0ABC61D81335D0034F6A8 /* PNAFactory.cpp */ = {isa = PBXFileReference; fileEncoding = 4; lastKnownFileType = sourcecode.cpp.cpp; path = PNAFactory.cpp; sourceTree = "<group>"; };
		C2C0ABC71D81335D0034F6A8 /* PNAFactory.h */ = {isa = PBXFileReference; fileEncoding = 4; lastKnownFileType = sourcecode.c.h; path = PNAFactory.h; sourceTree = "<group>"; };
		C2C0ABC81D81335D0034F6A8 /* Skeleton.cpp */ = {isa = PBXFileReference; fileEncoding = 4; lastKnownFileType = sourcecode.cpp.cpp; path = Skeleton.cpp; sourceTree = "<group>"; };
		C2C0ABC91D81335D0034F6A8 /* Skeleton.h */ = {isa = PBXFileReference; fileEncoding = 4; lastKnownFileType = sourcecode.c.h; path = Skeleton.h; sourceTree = "<group>"; };
		C2C0ABCA1D81335D0034F6A8 /* SkeletonFactory.cpp */ = {isa = PBXFileReference; fileEncoding = 4; lastKnownFileType = sourcecode.cpp.cpp; path = SkeletonFactory.cpp; sourceTree = "<group>"; };
		C2C0ABCB1D81335D0034F6A8 /* SkeletonTemplate.cpp */ = {isa = PBXFileReference; fileEncoding = 4; lastKnownFileType = sourcecode.cpp.cpp; path = SkeletonTemplate.cpp; sourceTree = "<group>"; };
		C2C0ABCC1D81335D0034F6A8 /* SkeletonTemplate.h */ = {isa = PBXFileReference; fileEncoding = 4; lastKnownFileType = sourcecode.c.h; path = SkeletonTemplate.h; sourceTree = "<group>"; };
		C2C0ABCD1D81335D0034F6A8 /* SkeletonTemplateFactory.cpp */ = {isa = PBXFileReference; fileEncoding = 4; lastKnownFileType = sourcecode.cpp.cpp; path = SkeletonTemplateFactory.cpp; sourceTree = "<group>"; };
/* End PBXFileReference section */

/* Begin PBXFrameworksBuildPhase section */
		57EFEB0118DFDFAB005F0C59 /* Frameworks */ = {
			isa = PBXFrameworksBuildPhase;
			buildActionMask = 2147483647;
			files = (
			);
			runOnlyForDeploymentPostprocessing = 0;
		};
/* End PBXFrameworksBuildPhase section */

/* Begin PBXGroup section */
		57EFEAFB18DFDFAB005F0C59 = {
			isa = PBXGroup;
			children = (
				57EFEB2E18DFE01D005F0C59 /* Include */,
				57EFEB2D18DFE015005F0C59 /* Source */,
				57EFEB0518DFDFAB005F0C59 /* Products */,
			);
			sourceTree = "<group>";
		};
		57EFEB0518DFDFAB005F0C59 /* Products */ = {
			isa = PBXGroup;
			children = (
				57EFEB0418DFDFAB005F0C59 /* libUtilities.a */,
			);
			name = Products;
			sourceTree = "<group>";
		};
		57EFEB2D18DFE015005F0C59 /* Source */ = {
			isa = PBXGroup;
			children = (
				C2C0ABB91D81335D0034F6A8 /* CollisionDetection */,
				C2C0ABBB1D81335D0034F6A8 /* LinearTransformations */,
				C2C0ABBF1D81335D0034F6A8 /* SkeletalAnimation */,
				57708D7919F9DF40003B74DB /* Blob.cpp */,
				57EFEB3F18DFE04F005F0C59 /* CircularBuffer.cpp */,
				57EFEB4018DFE04F005F0C59 /* Clock.cpp */,
				57EFEB4118DFE04F005F0C59 /* Heap.cpp */,
				5701BF831B86CC5300DAF382 /* ManagedHeap.cpp */,
				57EFEB4A18DFE04F005F0C59 /* Pool.cpp */,
				57EFEB4218DFE04F005F0C59 /* Pool2.cpp */,
				57EFEB4318DFE04F005F0C59 /* Pipeline.cpp */,
				57EFEB4418DFE04F005F0C59 /* ResourceManager */,
				57EFEB4B18DFE04F005F0C59 /* Text.cpp */,
			);
			name = Source;
			sourceTree = "<group>";
		};
		57EFEB2E18DFE01D005F0C59 /* Include */ = {
			isa = PBXGroup;
			children = (
				C2C0ABAD1D8132C10034F6A8 /* CollisionDetection */,
				C2C0ABAF1D8132C10034F6A8 /* HeapAllocator2.h */,
				C2C0ABB01D8132C10034F6A8 /* LinearTransformations.h */,
				C2C0ABB11D8132C10034F6A8 /* Queue.h */,
				C2C0ABB21D8132C10034F6A8 /* SkeletalAnimation */,
				57EFEB2F18DFE02B005F0C59 /* CircularBuffer.h */,
				57EFEB3018DFE02B005F0C59 /* Clock.h */,
				57EFEB3118DFE02B005F0C59 /* Heap.h */,
				57EFEB3218DFE02B005F0C59 /* HeapAllocator.h */,
				5701BF821B86CBEB00DAF382 /* ManagedHeap.h */,
				57EFEB3418DFE02B005F0C59 /* Pipeline.h */,
				57EFEB3D18DFE02B005F0C59 /* Pool.h */,
				57EFEB3318DFE02B005F0C59 /* Pool2.h */,
				57EFEB3518DFE02B005F0C59 /* PoolAllocator.h */,
				57EFEB3618DFE02B005F0C59 /* ResourceManager */,
				57EFEB3E18DFE02B005F0C59 /* Text.h */,
			);
			name = Include;
			sourceTree = "<group>";
		};
		57EFEB3618DFE02B005F0C59 /* ResourceManager */ = {
			isa = PBXGroup;
			children = (
				57EFEB3718DFE02B005F0C59 /* Asset.h */,
				57EFEB3818DFE02B005F0C59 /* AssetFactory.h */,
				57EFEB3918DFE02B005F0C59 /* AssetLoader.h */,
				57EFEB3A18DFE02B005F0C59 /* AsyncLoader.h */,
				57EFEB3B18DFE02B005F0C59 /* ResourceHandle.h */,
				57EFEB3C18DFE02B005F0C59 /* ResourceManager.h */,
			);
			name = ResourceManager;
			path = ../../Include/PGN/Utilities/ResourceManager;
			sourceTree = "<group>";
		};
		57EFEB4418DFE04F005F0C59 /* ResourceManager */ = {
			isa = PBXGroup;
			children = (
				57EFEB4518DFE04F005F0C59 /* AsyncLoader.cpp */,
				57EFEB4618DFE04F005F0C59 /* ResourceHandle.cpp */,
				57EFEB4718DFE04F005F0C59 /* ResourceHandle.h */,
				57EFEB4818DFE04F005F0C59 /* ResourceManager.cpp */,
				57EFEB4918DFE04F005F0C59 /* ResourceManager.h */,
			);
			path = ResourceManager;
			sourceTree = "<group>";
		};
		C2C0ABAD1D8132C10034F6A8 /* CollisionDetection */ = {
			isa = PBXGroup;
			children = (
				C2C0ABAE1D8132C10034F6A8 /* BasicPrimitiveTests.h */,
			);
			name = CollisionDetection;
			path = ../../Include/PGN/Utilities/CollisionDetection;
			sourceTree = "<group>";
		};
		C2C0ABB21D8132C10034F6A8 /* SkeletalAnimation */ = {
			isa = PBXGroup;
			children = (
				C2C0ABB31D8132C10034F6A8 /* Animation.h */,
				C2C0ABB41D8132C10034F6A8 /* AnimationFactory.h */,
				C2C0ABB51D8132C10034F6A8 /* Skeleton.h */,
				C2C0ABB61D8132C10034F6A8 /* SkeletonFactory.h */,
				C2C0ABB71D8132C10034F6A8 /* SkeletonTemplate.h */,
				C2C0ABB81D8132C10034F6A8 /* SkeletonTemplateFactory.h */,
			);
			name = SkeletalAnimation;
			path = ../../Include/PGN/Utilities/SkeletalAnimation;
			sourceTree = "<group>";
		};
		C2C0ABB91D81335D0034F6A8 /* CollisionDetection */ = {
			isa = PBXGroup;
			children = (
				C2C0ABBA1D81335D0034F6A8 /* BasicPrimitiveTests.cpp */,
			);
			path = CollisionDetection;
			sourceTree = "<group>";
		};
		C2C0ABBB1D81335D0034F6A8 /* LinearTransformations */ = {
			isa = PBXGroup;
			children = (
				C2C0ABBC1D81335D0034F6A8 /* LinearTransformations.cpp */,
				C2C0ABBD1D81335D0034F6A8 /* sinCosTable.cpp */,
				C2C0ABBE1D81335D0034F6A8 /* sinCosTable.h */,
			);
			path = LinearTransformations;
			sourceTree = "<group>";
		};
		C2C0ABBF1D81335D0034F6A8 /* SkeletalAnimation */ = {
			isa = PBXGroup;
			children = (
				C2C0ABC01D81335D0034F6A8 /* Anim.h */,
				C2C0ABC11D81335D0034F6A8 /* Animation.cpp */,
				C2C0ABC21D81335D0034F6A8 /* Animation.h */,
				C2C0ABC31D81335D0034F6A8 /* AnimationFactory.cpp */,
				C2C0ABC41D81335D0034F6A8 /* PNA.cpp */,
				C2C0ABC51D81335D0034F6A8 /* PNA.h */,
				C2C0ABC61D81335D0034F6A8 /* PNAFactory.cpp */,
				C2C0ABC71D81335D0034F6A8 /* PNAFactory.h */,
				C2C0ABC81D81335D0034F6A8 /* Skeleton.cpp */,
				C2C0ABC91D81335D0034F6A8 /* Skeleton.h */,
				C2C0ABCA1D81335D0034F6A8 /* SkeletonFactory.cpp */,
				C2C0ABCB1D81335D0034F6A8 /* SkeletonTemplate.cpp */,
				C2C0ABCC1D81335D0034F6A8 /* SkeletonTemplate.h */,
				C2C0ABCD1D81335D0034F6A8 /* SkeletonTemplateFactory.cpp */,
			);
			path = SkeletalAnimation;
			sourceTree = "<group>";
		};
/* End PBXGroup section */

/* Begin PBXNativeTarget section */
		57EFEB0318DFDFAB005F0C59 /* Utilities */ = {
			isa = PBXNativeTarget;
			buildConfigurationList = 57EFEB2718DFDFAC005F0C59 /* Build configuration list for PBXNativeTarget "Utilities" */;
			buildPhases = (
				57EFEB0018DFDFAB005F0C59 /* Sources */,
				57EFEB0118DFDFAB005F0C59 /* Frameworks */,
				57EFEB0218DFDFAB005F0C59 /* CopyFiles */,
			);
			buildRules = (
			);
			dependencies = (
			);
			name = Utilities;
			productName = Utilities;
			productReference = 57EFEB0418DFDFAB005F0C59 /* libUtilities.a */;
			productType = "com.apple.product-type.library.static";
		};
/* End PBXNativeTarget section */

/* Begin PBXProject section */
		57EFEAFC18DFDFAB005F0C59 /* Project object */ = {
			isa = PBXProject;
			attributes = {
				LastUpgradeCheck = 0510;
				ORGANIZATIONNAME = "Pixel Soft";
			};
			buildConfigurationList = 57EFEAFF18DFDFAB005F0C59 /* Build configuration list for PBXProject "Utilities" */;
			compatibilityVersion = "Xcode 3.2";
			developmentRegion = English;
			hasScannedForEncodings = 0;
			knownRegions = (
				en,
			);
			mainGroup = 57EFEAFB18DFDFAB005F0C59;
			productRefGroup = 57EFEB0518DFDFAB005F0C59 /* Products */;
			projectDirPath = "";
			projectRoot = "";
			targets = (
				57EFEB0318DFDFAB005F0C59 /* Utilities */,
			);
		};
/* End PBXProject section */

/* Begin PBXSourcesBuildPhase section */
		57EFEB0018DFDFAB005F0C59 /* Sources */ = {
			isa = PBXSourcesBuildPhase;
			buildActionMask = 2147483647;
			files = (
				C2C0ABD81D81335D0034F6A8 /* SkeletonTemplateFactory.cpp in Sources */,
				C2C0ABD21D81335D0034F6A8 /* AnimationFactory.cpp in Sources */,
				57EFEB4F18DFE04F005F0C59 /* Pool2.cpp in Sources */,
				C2C0ABCF1D81335D0034F6A8 /* LinearTransformations.cpp in Sources */,
				C2C0ABD61D81335D0034F6A8 /* SkeletonFactory.cpp in Sources */,
				57EFEB5418DFE04F005F0C59 /* Pool.cpp in Sources */,
				57708D7A19F9DF40003B74DB /* Blob.cpp in Sources */,
				C2C0ABD71D81335D0034F6A8 /* SkeletonTemplate.cpp in Sources */,
				5701BF841B86CC5300DAF382 /* ManagedHeap.cpp in Sources */,
				C2C0ABD51D81335D0034F6A8 /* Skeleton.cpp in Sources */,
				57EFEB4E18DFE04F005F0C59 /* Heap.cpp in Sources */,
				57EFEB5018DFE04F005F0C59 /* Pipeline.cpp in Sources */,
				C2C0ABD41D81335D0034F6A8 /* PNAFactory.cpp in Sources */,
				57EFEB5518DFE04F005F0C59 /* Text.cpp in Sources */,
				C2C0ABD31D81335D0034F6A8 /* PNA.cpp in Sources */,
				57EFEB4D18DFE04F005F0C59 /* Clock.cpp in Sources */,
				57EFEB4C18DFE04F005F0C59 /* CircularBuffer.cpp in Sources */,
				57EFEB5118DFE04F005F0C59 /* AsyncLoader.cpp in Sources */,
				C2C0ABD01D81335D0034F6A8 /* sinCosTable.cpp in Sources */,
				57EFEB5218DFE04F005F0C59 /* ResourceHandle.cpp in Sources */,
				57EFEB5318DFE04F005F0C59 /* ResourceManager.cpp in Sources */,
				C2C0ABD11D81335D0034F6A8 /* Animation.cpp in Sources */,
				C2C0ABCE1D81335D0034F6A8 /* BasicPrimitiveTests.cpp in Sources */,
			);
			runOnlyForDeploymentPostprocessing = 0;
		};
/* End PBXSourcesBuildPhase section */

/* Begin XCBuildConfiguration section */
		57EFEB2518DFDFAC005F0C59 /* Debug */ = {
			isa = XCBuildConfiguration;
			buildSettings = {
				ALWAYS_SEARCH_USER_PATHS = NO;
				CLANG_CXX_LANGUAGE_STANDARD = "gnu++0x";
				CLANG_CXX_LIBRARY = "libc++";
				CLANG_ENABLE_MODULES = YES;
				CLANG_ENABLE_OBJC_ARC = YES;
				CLANG_WARN_BOOL_CONVERSION = YES;
				CLANG_WARN_CONSTANT_CONVERSION = YES;
				CLANG_WARN_DIRECT_OBJC_ISA_USAGE = YES_ERROR;
				CLANG_WARN_EMPTY_BODY = YES;
				CLANG_WARN_ENUM_CONVERSION = YES;
				CLANG_WARN_INT_CONVERSION = YES;
				CLANG_WARN_OBJC_ROOT_CLASS = YES_ERROR;
				CLANG_WARN__DUPLICATE_METHOD_MATCH = YES;
				COPY_PHASE_STRIP = NO;
				GCC_C_LANGUAGE_STANDARD = gnu99;
				GCC_DYNAMIC_NO_PIC = NO;
				GCC_OPTIMIZATION_LEVEL = 0;
				GCC_PREPROCESSOR_DEFINITIONS = (
					"DEBUG=1",
					"$(inherited)",
					PGN_STATIC_BUILD,
				);
				GCC_SYMBOLS_PRIVATE_EXTERN = NO;
				GCC_WARN_64_TO_32_BIT_CONVERSION = YES;
				GCC_WARN_ABOUT_RETURN_TYPE = YES_ERROR;
				GCC_WARN_UNDECLARED_SELECTOR = YES;
				GCC_WARN_UNINITIALIZED_AUTOS = YES_AGGRESSIVE;
				GCC_WARN_UNUSED_FUNCTION = YES;
				GCC_WARN_UNUSED_VARIABLE = YES;
				HEADER_SEARCH_PATHS = (
					"$(inherited)",
					/Applications/Xcode.app/Contents/Developer/Toolchains/XcodeDefault.xctoolchain/usr/include,
					"$(SRCROOT)/../../Include",
				);
				IPHONEOS_DEPLOYMENT_TARGET = 7.1;
				ONLY_ACTIVE_ARCH = YES;
				SDKROOT = iphoneos;
				SYMROOT = "$(SRCROOT)/../../Build";
			};
			name = Debug;
		};
		57EFEB2618DFDFAC005F0C59 /* Release */ = {
			isa = XCBuildConfiguration;
			buildSettings = {
				ALWAYS_SEARCH_USER_PATHS = NO;
				CLANG_CXX_LANGUAGE_STANDARD = "gnu++0x";
				CLANG_CXX_LIBRARY = "libc++";
				CLANG_ENABLE_MODULES = YES;
				CLANG_ENABLE_OBJC_ARC = YES;
				CLANG_WARN_BOOL_CONVERSION = YES;
				CLANG_WARN_CONSTANT_CONVERSION = YES;
				CLANG_WARN_DIRECT_OBJC_ISA_USAGE = YES_ERROR;
				CLANG_WARN_EMPTY_BODY = YES;
				CLANG_WARN_ENUM_CONVERSION = YES;
				CLANG_WARN_INT_CONVERSION = YES;
				CLANG_WARN_OBJC_ROOT_CLASS = YES_ERROR;
				CLANG_WARN__DUPLICATE_METHOD_MATCH = YES;
				COPY_PHASE_STRIP = YES;
				ENABLE_NS_ASSERTIONS = NO;
				GCC_C_LANGUAGE_STANDARD = gnu99;
				GCC_PREPROCESSOR_DEFINITIONS = (
					NDEBUG,
					PGN_STATIC_BUILD,
				);
				GCC_WARN_64_TO_32_BIT_CONVERSION = YES;
				GCC_WARN_ABOUT_RETURN_TYPE = YES_ERROR;
				GCC_WARN_UNDECLARED_SELECTOR = YES;
				GCC_WARN_UNINITIALIZED_AUTOS = YES_AGGRESSIVE;
				GCC_WARN_UNUSED_FUNCTION = YES;
				GCC_WARN_UNUSED_VARIABLE = YES;
				HEADER_SEARCH_PATHS = (
					"$(inherited)",
					/Applications/Xcode.app/Contents/Developer/Toolchains/XcodeDefault.xctoolchain/usr/include,
					"$(SRCROOT)/../../Include",
				);
				IPHONEOS_DEPLOYMENT_TARGET = 7.1;
				SDKROOT = iphoneos;
				SYMROOT = "$(SRCROOT)/../../Build";
				VALIDATE_PRODUCT = YES;
			};
			name = Release;
		};
		57EFEB2818DFDFAC005F0C59 /* Debug */ = {
			isa = XCBuildConfiguration;
			buildSettings = {
				DSTROOT = /tmp/Utilities.dst;
				GCC_PRECOMPILE_PREFIX_HEADER = NO;
				GCC_PREFIX_HEADER = "";
				OTHER_LDFLAGS = "-ObjC";
				PRODUCT_NAME = "$(TARGET_NAME)";
				SKIP_INSTALL = YES;
			};
			name = Debug;
		};
		57EFEB2918DFDFAC005F0C59 /* Release */ = {
			isa = XCBuildConfiguration;
			buildSettings = {
				DSTROOT = /tmp/Utilities.dst;
				GCC_PRECOMPILE_PREFIX_HEADER = NO;
				GCC_PREFIX_HEADER = "";
				OTHER_LDFLAGS = "-ObjC";
				PRODUCT_NAME = "$(TARGET_NAME)";
				SKIP_INSTALL = YES;
			};
			name = Release;
		};
/* End XCBuildConfiguration section */

/* Begin XCConfigurationList section */
		57EFEAFF18DFDFAB005F0C59 /* Build configuration list for PBXProject "Utilities" */ = {
			isa = XCConfigurationList;
			buildConfigurations = (
				57EFEB2518DFDFAC005F0C59 /* Debug */,
				57EFEB2618DFDFAC005F0C59 /* Release */,
			);
			defaultConfigurationIsVisible = 0;
			defaultConfigurationName = Release;
		};
		57EFEB2718DFDFAC005F0C59 /* Build configuration list for PBXNativeTarget "Utilities" */ = {
			isa = XCConfigurationList;
			buildConfigurations = (
				57EFEB2818DFDFAC005F0C59 /* Debug */,
				57EFEB2918DFDFAC005F0C59 /* Release */,
			);
			defaultConfigurationIsVisible = 0;
			defaultConfigurationName = Release;
		};
/* End XCConfigurationList section */
	};
	rootObject = 57EFEAFC18DFDFAB005F0C59 /* Project object */;
}
